// !$*UTF8*$!
{
	archiveVersion = 1;
	classes = {
	};
	objectVersion = 50;
	objects = {

/* Begin PBXBuildFile section */
		8C372DC227BBFC26007A0D08 /* AppDelegate.swift in Sources */ = {isa = PBXBuildFile; fileRef = 8C372DC127BBFC26007A0D08 /* AppDelegate.swift */; };
		8C372DC427BBFC26007A0D08 /* SceneDelegate.swift in Sources */ = {isa = PBXBuildFile; fileRef = 8C372DC327BBFC26007A0D08 /* SceneDelegate.swift */; };
		8C372DC627BBFC26007A0D08 /* ViewController.swift in Sources */ = {isa = PBXBuildFile; fileRef = 8C372DC527BBFC26007A0D08 /* ViewController.swift */; };
		8C372DC927BBFC26007A0D08 /* Main.storyboard in Resources */ = {isa = PBXBuildFile; fileRef = 8C372DC727BBFC26007A0D08 /* Main.storyboard */; };
		8C372DCB27BBFC30007A0D08 /* Assets.xcassets in Resources */ = {isa = PBXBuildFile; fileRef = 8C372DCA27BBFC30007A0D08 /* Assets.xcassets */; };
		8C372DCE27BBFC30007A0D08 /* LaunchScreen.storyboard in Resources */ = {isa = PBXBuildFile; fileRef = 8C372DCC27BBFC30007A0D08 /* LaunchScreen.storyboard */; };
		8C372DD927BBFC30007A0D08 /* FizzBuzzTests.swift in Sources */ = {isa = PBXBuildFile; fileRef = 8C372DD827BBFC30007A0D08 /* FizzBuzzTests.swift */; };
		8C372DE427BBFC30007A0D08 /* FizzBuzzUITests.swift in Sources */ = {isa = PBXBuildFile; fileRef = 8C372DE327BBFC30007A0D08 /* FizzBuzzUITests.swift */; };
		8C372DF527BBFC45007A0D08 /* FizzBuzz.swift in Sources */ = {isa = PBXBuildFile; fileRef = 8C372DF427BBFC45007A0D08 /* FizzBuzz.swift */; };
/* End PBXBuildFile section */

/* Begin PBXContainerItemProxy section */
		8C372DD527BBFC30007A0D08 /* PBXContainerItemProxy */ = {
			isa = PBXContainerItemProxy;
			containerPortal = 8C372DB627BBFC26007A0D08 /* Project object */;
			proxyType = 1;
			remoteGlobalIDString = 8C372DBD27BBFC26007A0D08;
			remoteInfo = FizzBuzz;
		};
		8C372DE027BBFC30007A0D08 /* PBXContainerItemProxy */ = {
			isa = PBXContainerItemProxy;
			containerPortal = 8C372DB627BBFC26007A0D08 /* Project object */;
			proxyType = 1;
			remoteGlobalIDString = 8C372DBD27BBFC26007A0D08;
			remoteInfo = FizzBuzz;
		};
/* End PBXContainerItemProxy section */

/* Begin PBXFileReference section */
		8C372DBE27BBFC26007A0D08 /* FizzBuzz.app */ = {isa = PBXFileReference; explicitFileType = wrapper.application; includeInIndex = 0; path = FizzBuzz.app; sourceTree = BUILT_PRODUCTS_DIR; };
		8C372DC127BBFC26007A0D08 /* AppDelegate.swift */ = {isa = PBXFileReference; lastKnownFileType = sourcecode.swift; path = AppDelegate.swift; sourceTree = "<group>"; };
		8C372DC327BBFC26007A0D08 /* SceneDelegate.swift */ = {isa = PBXFileReference; lastKnownFileType = sourcecode.swift; path = SceneDelegate.swift; sourceTree = "<group>"; };
		8C372DC527BBFC26007A0D08 /* ViewController.swift */ = {isa = PBXFileReference; lastKnownFileType = sourcecode.swift; path = ViewController.swift; sourceTree = "<group>"; };
		8C372DC827BBFC26007A0D08 /* Base */ = {isa = PBXFileReference; lastKnownFileType = file.storyboard; name = Base; path = Base.lproj/Main.storyboard; sourceTree = "<group>"; };
		8C372DCA27BBFC30007A0D08 /* Assets.xcassets */ = {isa = PBXFileReference; lastKnownFileType = folder.assetcatalog; path = Assets.xcassets; sourceTree = "<group>"; };
		8C372DCD27BBFC30007A0D08 /* Base */ = {isa = PBXFileReference; lastKnownFileType = file.storyboard; name = Base; path = Base.lproj/LaunchScreen.storyboard; sourceTree = "<group>"; };
		8C372DCF27BBFC30007A0D08 /* Info.plist */ = {isa = PBXFileReference; lastKnownFileType = text.plist.xml; path = Info.plist; sourceTree = "<group>"; };
		8C372DD427BBFC30007A0D08 /* FizzBuzzTests.xctest */ = {isa = PBXFileReference; explicitFileType = wrapper.cfbundle; includeInIndex = 0; path = FizzBuzzTests.xctest; sourceTree = BUILT_PRODUCTS_DIR; };
		8C372DD827BBFC30007A0D08 /* FizzBuzzTests.swift */ = {isa = PBXFileReference; lastKnownFileType = sourcecode.swift; path = FizzBuzzTests.swift; sourceTree = "<group>"; };
		8C372DDA27BBFC30007A0D08 /* Info.plist */ = {isa = PBXFileReference; lastKnownFileType = text.plist.xml; path = Info.plist; sourceTree = "<group>"; };
		8C372DDF27BBFC30007A0D08 /* FizzBuzzUITests.xctest */ = {isa = PBXFileReference; explicitFileType = wrapper.cfbundle; includeInIndex = 0; path = FizzBuzzUITests.xctest; sourceTree = BUILT_PRODUCTS_DIR; };
		8C372DE327BBFC30007A0D08 /* FizzBuzzUITests.swift */ = {isa = PBXFileReference; lastKnownFileType = sourcecode.swift; path = FizzBuzzUITests.swift; sourceTree = "<group>"; };
		8C372DE527BBFC30007A0D08 /* Info.plist */ = {isa = PBXFileReference; lastKnownFileType = text.plist.xml; path = Info.plist; sourceTree = "<group>"; };
		8C372DF427BBFC45007A0D08 /* FizzBuzz.swift */ = {isa = PBXFileReference; lastKnownFileType = sourcecode.swift; path = FizzBuzz.swift; sourceTree = "<group>"; };
/* End PBXFileReference section */

/* Begin PBXFrameworksBuildPhase section */
		8C372DBB27BBFC26007A0D08 /* Frameworks */ = {
			isa = PBXFrameworksBuildPhase;
			buildActionMask = 2147483647;
			files = (
			);
			runOnlyForDeploymentPostprocessing = 0;
		};
		8C372DD127BBFC30007A0D08 /* Frameworks */ = {
			isa = PBXFrameworksBuildPhase;
			buildActionMask = 2147483647;
			files = (
			);
			runOnlyForDeploymentPostprocessing = 0;
		};
		8C372DDC27BBFC30007A0D08 /* Frameworks */ = {
			isa = PBXFrameworksBuildPhase;
			buildActionMask = 2147483647;
			files = (
			);
			runOnlyForDeploymentPostprocessing = 0;
		};
/* End PBXFrameworksBuildPhase section */

/* Begin PBXGroup section */
		8C372DB527BBFC26007A0D08 = {
			isa = PBXGroup;
			children = (
				8C372DC027BBFC26007A0D08 /* FizzBuzz */,
				8C372DD727BBFC30007A0D08 /* FizzBuzzTests */,
				8C372DE227BBFC30007A0D08 /* FizzBuzzUITests */,
				8C372DBF27BBFC26007A0D08 /* Products */,
			);
			sourceTree = "<group>";
		};
		8C372DBF27BBFC26007A0D08 /* Products */ = {
			isa = PBXGroup;
			children = (
				8C372DBE27BBFC26007A0D08 /* FizzBuzz.app */,
				8C372DD427BBFC30007A0D08 /* FizzBuzzTests.xctest */,
				8C372DDF27BBFC30007A0D08 /* FizzBuzzUITests.xctest */,
			);
			name = Products;
			sourceTree = "<group>";
		};
		8C372DC027BBFC26007A0D08 /* FizzBuzz */ = {
			isa = PBXGroup;
			children = (
				8C372DC127BBFC26007A0D08 /* AppDelegate.swift */,
				8C372DC327BBFC26007A0D08 /* SceneDelegate.swift */,
				8C372DC527BBFC26007A0D08 /* ViewController.swift */,
				8C372DC727BBFC26007A0D08 /* Main.storyboard */,
				8C372DCA27BBFC30007A0D08 /* Assets.xcassets */,
				8C372DF427BBFC45007A0D08 /* FizzBuzz.swift */,
				8C372DCC27BBFC30007A0D08 /* LaunchScreen.storyboard */,
				8C372DCF27BBFC30007A0D08 /* Info.plist */,
			);
			path = FizzBuzz;
			sourceTree = "<group>";
		};
		8C372DD727BBFC30007A0D08 /* FizzBuzzTests */ = {
			isa = PBXGroup;
			children = (
				8C372DD827BBFC30007A0D08 /* FizzBuzzTests.swift */,
				8C372DDA27BBFC30007A0D08 /* Info.plist */,
			);
			path = FizzBuzzTests;
			sourceTree = "<group>";
		};
		8C372DE227BBFC30007A0D08 /* FizzBuzzUITests */ = {
			isa = PBXGroup;
			children = (
				8C372DE327BBFC30007A0D08 /* FizzBuzzUITests.swift */,
				8C372DE527BBFC30007A0D08 /* Info.plist */,
			);
			path = FizzBuzzUITests;
			sourceTree = "<group>";
		};
/* End PBXGroup section */

/* Begin PBXNativeTarget section */
		8C372DBD27BBFC26007A0D08 /* FizzBuzz */ = {
			isa = PBXNativeTarget;
			buildConfigurationList = 8C372DE827BBFC30007A0D08 /* Build configuration list for PBXNativeTarget "FizzBuzz" */;
			buildPhases = (
				8C372DBA27BBFC26007A0D08 /* Sources */,
				8C372DBB27BBFC26007A0D08 /* Frameworks */,
				8C372DBC27BBFC26007A0D08 /* Resources */,
			);
			buildRules = (
			);
			dependencies = (
			);
			name = FizzBuzz;
			productName = FizzBuzz;
			productReference = 8C372DBE27BBFC26007A0D08 /* FizzBuzz.app */;
			productType = "com.apple.product-type.application";
		};
		8C372DD327BBFC30007A0D08 /* FizzBuzzTests */ = {
			isa = PBXNativeTarget;
			buildConfigurationList = 8C372DEB27BBFC30007A0D08 /* Build configuration list for PBXNativeTarget "FizzBuzzTests" */;
			buildPhases = (
				8C372DD027BBFC30007A0D08 /* Sources */,
				8C372DD127BBFC30007A0D08 /* Frameworks */,
				8C372DD227BBFC30007A0D08 /* Resources */,
			);
			buildRules = (
			);
			dependencies = (
				8C372DD627BBFC30007A0D08 /* PBXTargetDependency */,
			);
			name = FizzBuzzTests;
			productName = FizzBuzzTests;
			productReference = 8C372DD427BBFC30007A0D08 /* FizzBuzzTests.xctest */;
			productType = "com.apple.product-type.bundle.unit-test";
		};
		8C372DDE27BBFC30007A0D08 /* FizzBuzzUITests */ = {
			isa = PBXNativeTarget;
			buildConfigurationList = 8C372DEE27BBFC30007A0D08 /* Build configuration list for PBXNativeTarget "FizzBuzzUITests" */;
			buildPhases = (
				8C372DDB27BBFC30007A0D08 /* Sources */,
				8C372DDC27BBFC30007A0D08 /* Frameworks */,
				8C372DDD27BBFC30007A0D08 /* Resources */,
			);
			buildRules = (
			);
			dependencies = (
				8C372DE127BBFC30007A0D08 /* PBXTargetDependency */,
			);
			name = FizzBuzzUITests;
			productName = FizzBuzzUITests;
			productReference = 8C372DDF27BBFC30007A0D08 /* FizzBuzzUITests.xctest */;
			productType = "com.apple.product-type.bundle.ui-testing";
		};
/* End PBXNativeTarget section */

/* Begin PBXProject section */
		8C372DB627BBFC26007A0D08 /* Project object */ = {
			isa = PBXProject;
			attributes = {
				LastSwiftUpdateCheck = 1240;
				LastUpgradeCheck = 1240;
				TargetAttributes = {
					8C372DBD27BBFC26007A0D08 = {
						CreatedOnToolsVersion = 12.4;
					};
					8C372DD327BBFC30007A0D08 = {
						CreatedOnToolsVersion = 12.4;
						TestTargetID = 8C372DBD27BBFC26007A0D08;
					};
					8C372DDE27BBFC30007A0D08 = {
						CreatedOnToolsVersion = 12.4;
						TestTargetID = 8C372DBD27BBFC26007A0D08;
					};
				};
			};
			buildConfigurationList = 8C372DB927BBFC26007A0D08 /* Build configuration list for PBXProject "FizzBuzz" */;
			compatibilityVersion = "Xcode 9.3";
			developmentRegion = en;
			hasScannedForEncodings = 0;
			knownRegions = (
				en,
				Base,
			);
			mainGroup = 8C372DB527BBFC26007A0D08;
			productRefGroup = 8C372DBF27BBFC26007A0D08 /* Products */;
			projectDirPath = "";
			projectRoot = "";
			targets = (
				8C372DBD27BBFC26007A0D08 /* FizzBuzz */,
				8C372DD327BBFC30007A0D08 /* FizzBuzzTests */,
				8C372DDE27BBFC30007A0D08 /* FizzBuzzUITests */,
			);
		};
/* End PBXProject section */

/* Begin PBXResourcesBuildPhase section */
		8C372DBC27BBFC26007A0D08 /* Resources */ = {
			isa = PBXResourcesBuildPhase;
			buildActionMask = 2147483647;
			files = (
				8C372DCE27BBFC30007A0D08 /* LaunchScreen.storyboard in Resources */,
				8C372DCB27BBFC30007A0D08 /* Assets.xcassets in Resources */,
				8C372DC927BBFC26007A0D08 /* Main.storyboard in Resources */,
			);
			runOnlyForDeploymentPostprocessing = 0;
		};
		8C372DD227BBFC30007A0D08 /* Resources */ = {
			isa = PBXResourcesBuildPhase;
			buildActionMask = 2147483647;
			files = (
			);
			runOnlyForDeploymentPostprocessing = 0;
		};
		8C372DDD27BBFC30007A0D08 /* Resources */ = {
			isa = PBXResourcesBuildPhase;
			buildActionMask = 2147483647;
			files = (
			);
			runOnlyForDeploymentPostprocessing = 0;
		};
/* End PBXResourcesBuildPhase section */

/* Begin PBXSourcesBuildPhase section */
		8C372DBA27BBFC26007A0D08 /* Sources */ = {
			isa = PBXSourcesBuildPhase;
			buildActionMask = 2147483647;
			files = (
				8C372DC627BBFC26007A0D08 /* ViewController.swift in Sources */,
				8C372DC227BBFC26007A0D08 /* AppDelegate.swift in Sources */,
				8C372DC427BBFC26007A0D08 /* SceneDelegate.swift in Sources */,
				8C372DF527BBFC45007A0D08 /* FizzBuzz.swift in Sources */,
			);
			runOnlyForDeploymentPostprocessing = 0;
		};
		8C372DD027BBFC30007A0D08 /* Sources */ = {
			isa = PBXSourcesBuildPhase;
			buildActionMask = 2147483647;
			files = (
				8C372DD927BBFC30007A0D08 /* FizzBuzzTests.swift in Sources */,
			);
			runOnlyForDeploymentPostprocessing = 0;
		};
		8C372DDB27BBFC30007A0D08 /* Sources */ = {
			isa = PBXSourcesBuildPhase;
			buildActionMask = 2147483647;
			files = (
				8C372DE427BBFC30007A0D08 /* FizzBuzzUITests.swift in Sources */,
			);
			runOnlyForDeploymentPostprocessing = 0;
		};
/* End PBXSourcesBuildPhase section */

/* Begin PBXTargetDependency section */
		8C372DD627BBFC30007A0D08 /* PBXTargetDependency */ = {
			isa = PBXTargetDependency;
			target = 8C372DBD27BBFC26007A0D08 /* FizzBuzz */;
			targetProxy = 8C372DD527BBFC30007A0D08 /* PBXContainerItemProxy */;
		};
		8C372DE127BBFC30007A0D08 /* PBXTargetDependency */ = {
			isa = PBXTargetDependency;
			target = 8C372DBD27BBFC26007A0D08 /* FizzBuzz */;
			targetProxy = 8C372DE027BBFC30007A0D08 /* PBXContainerItemProxy */;
		};
/* End PBXTargetDependency section */

/* Begin PBXVariantGroup section */
		8C372DC727BBFC26007A0D08 /* Main.storyboard */ = {
			isa = PBXVariantGroup;
			children = (
				8C372DC827BBFC26007A0D08 /* Base */,
			);
			name = Main.storyboard;
			sourceTree = "<group>";
		};
		8C372DCC27BBFC30007A0D08 /* LaunchScreen.storyboard */ = {
			isa = PBXVariantGroup;
			children = (
				8C372DCD27BBFC30007A0D08 /* Base */,
			);
			name = LaunchScreen.storyboard;
			sourceTree = "<group>";
		};
/* End PBXVariantGroup section */

/* Begin XCBuildConfiguration section */
		8C372DE627BBFC30007A0D08 /* Debug */ = {
			isa = XCBuildConfiguration;
			buildSettings = {
				ALWAYS_SEARCH_USER_PATHS = NO;
				CLANG_ANALYZER_NONNULL = YES;
				CLANG_ANALYZER_NUMBER_OBJECT_CONVERSION = YES_AGGRESSIVE;
				CLANG_CXX_LANGUAGE_STANDARD = "gnu++14";
				CLANG_CXX_LIBRARY = "libc++";
				CLANG_ENABLE_MODULES = YES;
				CLANG_ENABLE_OBJC_ARC = YES;
				CLANG_ENABLE_OBJC_WEAK = YES;
				CLANG_WARN_BLOCK_CAPTURE_AUTORELEASING = YES;
				CLANG_WARN_BOOL_CONVERSION = YES;
				CLANG_WARN_COMMA = YES;
				CLANG_WARN_CONSTANT_CONVERSION = YES;
				CLANG_WARN_DEPRECATED_OBJC_IMPLEMENTATIONS = YES;
				CLANG_WARN_DIRECT_OBJC_ISA_USAGE = YES_ERROR;
				CLANG_WARN_DOCUMENTATION_COMMENTS = YES;
				CLANG_WARN_EMPTY_BODY = YES;
				CLANG_WARN_ENUM_CONVERSION = YES;
				CLANG_WARN_INFINITE_RECURSION = YES;
				CLANG_WARN_INT_CONVERSION = YES;
				CLANG_WARN_NON_LITERAL_NULL_CONVERSION = YES;
				CLANG_WARN_OBJC_IMPLICIT_RETAIN_SELF = YES;
				CLANG_WARN_OBJC_LITERAL_CONVERSION = YES;
				CLANG_WARN_OBJC_ROOT_CLASS = YES_ERROR;
				CLANG_WARN_QUOTED_INCLUDE_IN_FRAMEWORK_HEADER = YES;
				CLANG_WARN_RANGE_LOOP_ANALYSIS = YES;
				CLANG_WARN_STRICT_PROTOTYPES = YES;
				CLANG_WARN_SUSPICIOUS_MOVE = YES;
				CLANG_WARN_UNGUARDED_AVAILABILITY = YES_AGGRESSIVE;
				CLANG_WARN_UNREACHABLE_CODE = YES;
				CLANG_WARN__DUPLICATE_METHOD_MATCH = YES;
				COPY_PHASE_STRIP = NO;
				DEBUG_INFORMATION_FORMAT = dwarf;
				ENABLE_STRICT_OBJC_MSGSEND = YES;
				ENABLE_TESTABILITY = YES;
				GCC_C_LANGUAGE_STANDARD = gnu11;
				GCC_DYNAMIC_NO_PIC = NO;
				GCC_NO_COMMON_BLOCKS = YES;
				GCC_OPTIMIZATION_LEVEL = 0;
				GCC_PREPROCESSOR_DEFINITIONS = (
					"DEBUG=1",
					"$(inherited)",
				);
				GCC_WARN_64_TO_32_BIT_CONVERSION = YES;
				GCC_WARN_ABOUT_RETURN_TYPE = YES_ERROR;
				GCC_WARN_UNDECLARED_SELECTOR = YES;
				GCC_WARN_UNINITIALIZED_AUTOS = YES_AGGRESSIVE;
				GCC_WARN_UNUSED_FUNCTION = YES;
				GCC_WARN_UNUSED_VARIABLE = YES;
				IPHONEOS_DEPLOYMENT_TARGET = 14.4;
				MTL_ENABLE_DEBUG_INFO = INCLUDE_SOURCE;
				MTL_FAST_MATH = YES;
				ONLY_ACTIVE_ARCH = YES;
				SDKROOT = iphoneos;
				SWIFT_ACTIVE_COMPILATION_CONDITIONS = DEBUG;
				SWIFT_OPTIMIZATION_LEVEL = "-Onone";
			};
			name = Debug;
		};
		8C372DE727BBFC30007A0D08 /* Release */ = {
			isa = XCBuildConfiguration;
			buildSettings = {
				ALWAYS_SEARCH_USER_PATHS = NO;
				CLANG_ANALYZER_NONNULL = YES;
				CLANG_ANALYZER_NUMBER_OBJECT_CONVERSION = YES_AGGRESSIVE;
				CLANG_CXX_LANGUAGE_STANDARD = "gnu++14";
				CLANG_CXX_LIBRARY = "libc++";
				CLANG_ENABLE_MODULES = YES;
				CLANG_ENABLE_OBJC_ARC = YES;
				CLANG_ENABLE_OBJC_WEAK = YES;
				CLANG_WARN_BLOCK_CAPTURE_AUTORELEASING = YES;
				CLANG_WARN_BOOL_CONVERSION = YES;
				CLANG_WARN_COMMA = YES;
				CLANG_WARN_CONSTANT_CONVERSION = YES;
				CLANG_WARN_DEPRECATED_OBJC_IMPLEMENTATIONS = YES;
				CLANG_WARN_DIRECT_OBJC_ISA_USAGE = YES_ERROR;
				CLANG_WARN_DOCUMENTATION_COMMENTS = YES;
				CLANG_WARN_EMPTY_BODY = YES;
				CLANG_WARN_ENUM_CONVERSION = YES;
				CLANG_WARN_INFINITE_RECURSION = YES;
				CLANG_WARN_INT_CONVERSION = YES;
				CLANG_WARN_NON_LITERAL_NULL_CONVERSION = YES;
				CLANG_WARN_OBJC_IMPLICIT_RETAIN_SELF = YES;
				CLANG_WARN_OBJC_LITERAL_CONVERSION = YES;
				CLANG_WARN_OBJC_ROOT_CLASS = YES_ERROR;
				CLANG_WARN_QUOTED_INCLUDE_IN_FRAMEWORK_HEADER = YES;
				CLANG_WARN_RANGE_LOOP_ANALYSIS = YES;
				CLANG_WARN_STRICT_PROTOTYPES = YES;
				CLANG_WARN_SUSPICIOUS_MOVE = YES;
				CLANG_WARN_UNGUARDED_AVAILABILITY = YES_AGGRESSIVE;
				CLANG_WARN_UNREACHABLE_CODE = YES;
				CLANG_WARN__DUPLICATE_METHOD_MATCH = YES;
				COPY_PHASE_STRIP = NO;
				DEBUG_INFORMATION_FORMAT = "dwarf-with-dsym";
				ENABLE_NS_ASSERTIONS = NO;
				ENABLE_STRICT_OBJC_MSGSEND = YES;
				GCC_C_LANGUAGE_STANDARD = gnu11;
				GCC_NO_COMMON_BLOCKS = YES;
				GCC_WARN_64_TO_32_BIT_CONVERSION = YES;
				GCC_WARN_ABOUT_RETURN_TYPE = YES_ERROR;
				GCC_WARN_UNDECLARED_SELECTOR = YES;
				GCC_WARN_UNINITIALIZED_AUTOS = YES_AGGRESSIVE;
				GCC_WARN_UNUSED_FUNCTION = YES;
				GCC_WARN_UNUSED_VARIABLE = YES;
				IPHONEOS_DEPLOYMENT_TARGET = 14.4;
				MTL_ENABLE_DEBUG_INFO = NO;
				MTL_FAST_MATH = YES;
				SDKROOT = iphoneos;
				SWIFT_COMPILATION_MODE = wholemodule;
				SWIFT_OPTIMIZATION_LEVEL = "-O";
				VALIDATE_PRODUCT = YES;
			};
			name = Release;
		};
		8C372DE927BBFC30007A0D08 /* Debug */ = {
			isa = XCBuildConfiguration;
			buildSettings = {
				ASSETCATALOG_COMPILER_APPICON_NAME = AppIcon;
				ASSETCATALOG_COMPILER_GLOBAL_ACCENT_COLOR_NAME = AccentColor;
				CODE_SIGN_STYLE = Automatic;
				DEVELOPMENT_TEAM = CRPB5AHSY2;
				INFOPLIST_FILE = FizzBuzz/Info.plist;
				LD_RUNPATH_SEARCH_PATHS = (
					"$(inherited)",
					"@executable_path/Frameworks",
				);
				PRODUCT_BUNDLE_IDENTIFIER = NateW.FizzBuzz;
				PRODUCT_NAME = "$(TARGET_NAME)";
				SWIFT_VERSION = 5.0;
				TARGETED_DEVICE_FAMILY = "1,2";
			};
			name = Debug;
		};
		8C372DEA27BBFC30007A0D08 /* Release */ = {
			isa = XCBuildConfiguration;
			buildSettings = {
				ASSETCATALOG_COMPILER_APPICON_NAME = AppIcon;
				ASSETCATALOG_COMPILER_GLOBAL_ACCENT_COLOR_NAME = AccentColor;
				CODE_SIGN_STYLE = Automatic;
				DEVELOPMENT_TEAM = CRPB5AHSY2;
				INFOPLIST_FILE = FizzBuzz/Info.plist;
				LD_RUNPATH_SEARCH_PATHS = (
					"$(inherited)",
					"@executable_path/Frameworks",
				);
				PRODUCT_BUNDLE_IDENTIFIER = NateW.FizzBuzz;
				PRODUCT_NAME = "$(TARGET_NAME)";
				SWIFT_VERSION = 5.0;
				TARGETED_DEVICE_FAMILY = "1,2";
			};
			name = Release;
		};
		8C372DEC27BBFC30007A0D08 /* Debug */ = {
			isa = XCBuildConfiguration;
			buildSettings = {
				ALWAYS_EMBED_SWIFT_STANDARD_LIBRARIES = YES;
				BUNDLE_LOADER = "$(TEST_HOST)";
				CODE_SIGN_STYLE = Automatic;
				DEVELOPMENT_TEAM = CRPB5AHSY2;
				INFOPLIST_FILE = FizzBuzzTests/Info.plist;
				IPHONEOS_DEPLOYMENT_TARGET = 14.4;
				LD_RUNPATH_SEARCH_PATHS = (
					"$(inherited)",
					"@executable_path/Frameworks",
					"@loader_path/Frameworks",
				);
				PRODUCT_BUNDLE_IDENTIFIER = NateW.FizzBuzzTests;
				PRODUCT_NAME = "$(TARGET_NAME)";
				SWIFT_VERSION = 5.0;
				TARGETED_DEVICE_FAMILY = "1,2";
				TEST_HOST = "$(BUILT_PRODUCTS_DIR)/FizzBuzz.app/FizzBuzz";
			};
			name = Debug;
		};
		8C372DED27BBFC30007A0D08 /* Release */ = {
			isa = XCBuildConfiguration;
			buildSettings = {
				ALWAYS_EMBED_SWIFT_STANDARD_LIBRARIES = YES;
				BUNDLE_LOADER = "$(TEST_HOST)";
				CODE_SIGN_STYLE = Automatic;
				DEVELOPMENT_TEAM = CRPB5AHSY2;
				INFOPLIST_FILE = FizzBuzzTests/Info.plist;
				IPHONEOS_DEPLOYMENT_TARGET = 14.4;
				LD_RUNPATH_SEARCH_PATHS = (
					"$(inherited)",
					"@executable_path/Frameworks",
					"@loader_path/Frameworks",
				);
				PRODUCT_BUNDLE_IDENTIFIER = NateW.FizzBuzzTests;
				PRODUCT_NAME = "$(TARGET_NAME)";
				SWIFT_VERSION = 5.0;
				TARGETED_DEVICE_FAMILY = "1,2";
				TEST_HOST = "$(BUILT_PRODUCTS_DIR)/FizzBuzz.app/FizzBuzz";
			};
			name = Release;
		};
		8C372DEF27BBFC30007A0D08 /* Debug */ = {
			isa = XCBuildConfiguration;
			buildSettings = {
				ALWAYS_EMBED_SWIFT_STANDARD_LIBRARIES = YES;
				CODE_SIGN_STYLE = Automatic;
				DEVELOPMENT_TEAM = CRPB5AHSY2;
				INFOPLIST_FILE = FizzBuzzUITests/Info.plist;
				LD_RUNPATH_SEARCH_PATHS = (
					"$(inherited)",
					"@executable_path/Frameworks",
					"@loader_path/Frameworks",
				);
				PRODUCT_BUNDLE_IDENTIFIER = NateW.FizzBuzzUITests;
				PRODUCT_NAME = "$(TARGET_NAME)";
				SWIFT_VERSION = 5.0;
				TARGETED_DEVICE_FAMILY = "1,2";
				TEST_TARGET_NAME = FizzBuzz;
			};
			name = Debug;
		};
		8C372DF027BBFC30007A0D08 /* Release */ = {
			isa = XCBuildConfiguration;
			buildSettings = {
				ALWAYS_EMBED_SWIFT_STANDARD_LIBRARIES = YES;
				CODE_SIGN_STYLE = Automatic;
				DEVELOPMENT_TEAM = CRPB5AHSY2;
				INFOPLIST_FILE = FizzBuzzUITests/Info.plist;
				LD_RUNPATH_SEARCH_PATHS = (
					"$(inherited)",
					"@executable_path/Frameworks",
					"@loader_path/Frameworks",
				);
				PRODUCT_BUNDLE_IDENTIFIER = NateW.FizzBuzzUITests;
				PRODUCT_NAME = "$(TARGET_NAME)";
				SWIFT_VERSION = 5.0;
				TARGETED_DEVICE_FAMILY = "1,2";
				TEST_TARGET_NAME = FizzBuzz;
			};
			name = Release;
		};
/* End XCBuildConfiguration section */

/* Begin XCConfigurationList section */
		8C372DB927BBFC26007A0D08 /* Build configuration list for PBXProject "FizzBuzz" */ = {
			isa = XCConfigurationList;
			buildConfigurations = (
				8C372DE627BBFC30007A0D08 /* Debug */,
				8C372DE727BBFC30007A0D08 /* Release */,
			);
			defaultConfigurationIsVisible = 0;
			defaultConfigurationName = Release;
		};
		8C372DE827BBFC30007A0D08 /* Build configuration list for PBXNativeTarget "FizzBuzz" */ = {
			isa = XCConfigurationList;
			buildConfigurations = (
				8C372DE927BBFC30007A0D08 /* Debug */,
				8C372DEA27BBFC30007A0D08 /* Release */,
			);
			defaultConfigurationIsVisible = 0;
			defaultConfigurationName = Release;
		};
		8C372DEB27BBFC30007A0D08 /* Build configuration list for PBXNativeTarget "FizzBuzzTests" */ = {
			isa = XCConfigurationList;
			buildConfigurations = (
				8C372DEC27BBFC30007A0D08 /* Debug */,
				8C372DED27BBFC30007A0D08 /* Release */,
			);
			defaultConfigurationIsVisible = 0;
			defaultConfigurationName = Release;
		};
		8C372DEE27BBFC30007A0D08 /* Build configuration list for PBXNativeTarget "FizzBuzzUITests" */ = {
			isa = XCConfigurationList;
			buildConfigurations = (
				8C372DEF27BBFC30007A0D08 /* Debug */,
				8C372DF027BBFC30007A0D08 /* Release */,
			);
			defaultConfigurationIsVisible = 0;
			defaultConfigurationName = Release;
		};
/* End XCConfigurationList section */
	};
	rootObject = 8C372DB627BBFC26007A0D08 /* Project object */;
}
